
Microsoft Visual Studio Solution File, Format Version 12.00
# Visual Studio Version 16
VisualStudioVersion = 16.0.30225.117
MinimumVisualStudioVersion = 10.0.40219.1
Project("{FAE04EC0-301F-11D3-BF4B-00C04F79EFBC}") = "ZoDream.Spider", "ZoDream.Spider\ZoDream.Spider.csproj", "{C154136A-2267-43D8-9429-AFE16E7A5526}"
EndProject
Global
	GlobalSection(SolutionConfigurationPlatforms) = preSolution
		Debug|Any CPU = Debug|Any CPU
		Release|Any CPU = Release|Any CPU
	EndGlobalSection
	GlobalSection(ProjectConfigurationPlatforms) = postSolution
		{C154136A-2267-43D8-9429-AFE16E7A5526}.Debug|Any CPU.ActiveCfg = Debug|Any CPU
		{C154136A-2267-43D8-9429-AFE16E7A5526}.Debug|Any CPU.Build.0 = Debug|Any CPU
		{C154136A-2267-43D8-9429-AFE16E7A5526}.Release|Any CPU.ActiveCfg = Release|Any CPU
		{C154136A-2267-43D8-9429-AFE16E7A5526}.Release|Any CPU.Build.0 = Release|Any CPU
	EndGlobalSection
	GlobalSection(SolutionProperties) = preSolution
		HideSolutionNode = FALSE
	EndGlobalSection
	GlobalSection(ExtensibilityGlobals) = postSolution
		SolutionGuid = {F69B1708-19F2-44BB-8978-865034BC08E6}
	EndGlobalSection
EndGlobal
