
Microsoft Visual Studio Solution File, Format Version 12.00
# Visual Studio Version 17
VisualStudioVersion = 17.0.31521.260
MinimumVisualStudioVersion = 10.0.40219.1
Project("{9A19103F-16F7-4668-BE54-9A1E7A4F7556}") = "ZoDream.Spider", "ZoDream.Spider\ZoDream.Spider.csproj", "{D57AB652-C3A4-40A7-9B84-C966C67ED9D2}"
EndProject
Project("{9A19103F-16F7-4668-BE54-9A1E7A4F7556}") = "ZoDream.Shared", "ZoDream.Shared\ZoDream.Shared.csproj", "{78798552-6DC4-4CB0-B231-7817893E57F2}"
EndProject
Project("{9A19103F-16F7-4668-BE54-9A1E7A4F7556}") = "ZoDream.Tests", "ZoDream.Tests\ZoDream.Tests.csproj", "{02A1D677-A247-49A3-AA0A-738005F8D493}"
EndProject
Project("{2150E333-8FDC-42A3-9474-1A3956D46DE8}") = "Plugins", "Plugins", "{D1D23961-CA07-43D4-8915-981CF4C601EA}"
EndProject
Project("{9A19103F-16F7-4668-BE54-9A1E7A4F7556}") = "ImportSearchRule", "Plugins\ImportSearchRule\ImportSearchRule.csproj", "{0DC79BAE-24A9-46EB-B55E-6A0276BBBCA6}"
EndProject
Project("{9A19103F-16F7-4668-BE54-9A1E7A4F7556}") = "TextSpotRule", "Plugins\TextSpotRule\TextSpotRule.csproj", "{6A3AF024-49B2-43C2-A20D-902B90FB48A1}"
EndProject
Project("{2150E333-8FDC-42A3-9474-1A3956D46DE8}") = "Common", "Common", "{64C61B55-AEC6-410A-84CD-E7F0EBF9E552}"
EndProject
Project("{FAE04EC0-301F-11D3-BF4B-00C04F79EFBC}") = "ZoDream.Spider.Rules", "ZoDream.Spider.Rules\ZoDream.Spider.Rules.csproj", "{D9DF2A47-A0DA-4D10-BB0C-B0167F12162E}"
EndProject
Project("{FAE04EC0-301F-11D3-BF4B-00C04F79EFBC}") = "ZoDream.Spider.Providers", "ZoDream.Spider.Providers\ZoDream.Spider.Providers.csproj", "{478A93CA-ECA4-4F69-A590-3C08BDCA3A71}"
EndProject
Project("{FAE04EC0-301F-11D3-BF4B-00C04F79EFBC}") = "ZoDream.Spider.Programs", "ZoDream.Spider.Programs\ZoDream.Spider.Programs.csproj", "{ADECA48D-2D9A-47A8-98E9-DCFBBD15FDCA}"
EndProject
Project("{FAE04EC0-301F-11D3-BF4B-00C04F79EFBC}") = "ZoDream.Spider.Loggers", "ZoDream.Spider.Loggers\ZoDream.Spider.Loggers.csproj", "{E8A64FC4-8672-42CB-9D7E-681A0B24AE88}"
EndProject
Global
	GlobalSection(SolutionConfigurationPlatforms) = preSolution
		Debug|Any CPU = Debug|Any CPU
		Debug|ARM = Debug|ARM
		Debug|ARM64 = Debug|ARM64
		Debug|x64 = Debug|x64
		Debug|x86 = Debug|x86
		Release|Any CPU = Release|Any CPU
		Release|ARM = Release|ARM
		Release|ARM64 = Release|ARM64
		Release|x64 = Release|x64
		Release|x86 = Release|x86
	EndGlobalSection
	GlobalSection(ProjectConfigurationPlatforms) = postSolution
		{D57AB652-C3A4-40A7-9B84-C966C67ED9D2}.Debug|Any CPU.ActiveCfg = Debug|Any CPU
		{D57AB652-C3A4-40A7-9B84-C966C67ED9D2}.Debug|Any CPU.Build.0 = Debug|Any CPU
		{D57AB652-C3A4-40A7-9B84-C966C67ED9D2}.Debug|ARM.ActiveCfg = Debug|Any CPU
		{D57AB652-C3A4-40A7-9B84-C966C67ED9D2}.Debug|ARM.Build.0 = Debug|Any CPU
		{D57AB652-C3A4-40A7-9B84-C966C67ED9D2}.Debug|ARM64.ActiveCfg = Debug|Any CPU
		{D57AB652-C3A4-40A7-9B84-C966C67ED9D2}.Debug|ARM64.Build.0 = Debug|Any CPU
		{D57AB652-C3A4-40A7-9B84-C966C67ED9D2}.Debug|x64.ActiveCfg = Debug|Any CPU
		{D57AB652-C3A4-40A7-9B84-C966C67ED9D2}.Debug|x64.Build.0 = Debug|Any CPU
		{D57AB652-C3A4-40A7-9B84-C966C67ED9D2}.Debug|x86.ActiveCfg = Debug|Any CPU
		{D57AB652-C3A4-40A7-9B84-C966C67ED9D2}.Debug|x86.Build.0 = Debug|Any CPU
		{D57AB652-C3A4-40A7-9B84-C966C67ED9D2}.Release|Any CPU.ActiveCfg = Release|Any CPU
		{D57AB652-C3A4-40A7-9B84-C966C67ED9D2}.Release|Any CPU.Build.0 = Release|Any CPU
		{D57AB652-C3A4-40A7-9B84-C966C67ED9D2}.Release|ARM.ActiveCfg = Release|Any CPU
		{D57AB652-C3A4-40A7-9B84-C966C67ED9D2}.Release|ARM.Build.0 = Release|Any CPU
		{D57AB652-C3A4-40A7-9B84-C966C67ED9D2}.Release|ARM64.ActiveCfg = Release|Any CPU
		{D57AB652-C3A4-40A7-9B84-C966C67ED9D2}.Release|ARM64.Build.0 = Release|Any CPU
		{D57AB652-C3A4-40A7-9B84-C966C67ED9D2}.Release|x64.ActiveCfg = Release|Any CPU
		{D57AB652-C3A4-40A7-9B84-C966C67ED9D2}.Release|x64.Build.0 = Release|Any CPU
		{D57AB652-C3A4-40A7-9B84-C966C67ED9D2}.Release|x86.ActiveCfg = Release|Any CPU
		{D57AB652-C3A4-40A7-9B84-C966C67ED9D2}.Release|x86.Build.0 = Release|Any CPU
		{78798552-6DC4-4CB0-B231-7817893E57F2}.Debug|Any CPU.ActiveCfg = Debug|Any CPU
		{78798552-6DC4-4CB0-B231-7817893E57F2}.Debug|Any CPU.Build.0 = Debug|Any CPU
		{78798552-6DC4-4CB0-B231-7817893E57F2}.Debug|ARM.ActiveCfg = Debug|Any CPU
		{78798552-6DC4-4CB0-B231-7817893E57F2}.Debug|ARM.Build.0 = Debug|Any CPU
		{78798552-6DC4-4CB0-B231-7817893E57F2}.Debug|ARM64.ActiveCfg = Debug|Any CPU
		{78798552-6DC4-4CB0-B231-7817893E57F2}.Debug|ARM64.Build.0 = Debug|Any CPU
		{78798552-6DC4-4CB0-B231-7817893E57F2}.Debug|x64.ActiveCfg = Debug|Any CPU
		{78798552-6DC4-4CB0-B231-7817893E57F2}.Debug|x64.Build.0 = Debug|Any CPU
		{78798552-6DC4-4CB0-B231-7817893E57F2}.Debug|x86.ActiveCfg = Debug|Any CPU
		{78798552-6DC4-4CB0-B231-7817893E57F2}.Debug|x86.Build.0 = Debug|Any CPU
		{78798552-6DC4-4CB0-B231-7817893E57F2}.Release|Any CPU.ActiveCfg = Release|Any CPU
		{78798552-6DC4-4CB0-B231-7817893E57F2}.Release|Any CPU.Build.0 = Release|Any CPU
		{78798552-6DC4-4CB0-B231-7817893E57F2}.Release|ARM.ActiveCfg = Release|Any CPU
		{78798552-6DC4-4CB0-B231-7817893E57F2}.Release|ARM.Build.0 = Release|Any CPU
		{78798552-6DC4-4CB0-B231-7817893E57F2}.Release|ARM64.ActiveCfg = Release|Any CPU
		{78798552-6DC4-4CB0-B231-7817893E57F2}.Release|ARM64.Build.0 = Release|Any CPU
		{78798552-6DC4-4CB0-B231-7817893E57F2}.Release|x64.ActiveCfg = Release|Any CPU
		{78798552-6DC4-4CB0-B231-7817893E57F2}.Release|x64.Build.0 = Release|Any CPU
		{78798552-6DC4-4CB0-B231-7817893E57F2}.Release|x86.ActiveCfg = Release|Any CPU
		{78798552-6DC4-4CB0-B231-7817893E57F2}.Release|x86.Build.0 = Release|Any CPU
		{02A1D677-A247-49A3-AA0A-738005F8D493}.Debug|Any CPU.ActiveCfg = Debug|Any CPU
		{02A1D677-A247-49A3-AA0A-738005F8D493}.Debug|Any CPU.Build.0 = Debug|Any CPU
		{02A1D677-A247-49A3-AA0A-738005F8D493}.Debug|ARM.ActiveCfg = Debug|Any CPU
		{02A1D677-A247-49A3-AA0A-738005F8D493}.Debug|ARM.Build.0 = Debug|Any CPU
		{02A1D677-A247-49A3-AA0A-738005F8D493}.Debug|ARM64.ActiveCfg = Debug|Any CPU
		{02A1D677-A247-49A3-AA0A-738005F8D493}.Debug|ARM64.Build.0 = Debug|Any CPU
		{02A1D677-A247-49A3-AA0A-738005F8D493}.Debug|x64.ActiveCfg = Debug|Any CPU
		{02A1D677-A247-49A3-AA0A-738005F8D493}.Debug|x64.Build.0 = Debug|Any CPU
		{02A1D677-A247-49A3-AA0A-738005F8D493}.Debug|x86.ActiveCfg = Debug|Any CPU
		{02A1D677-A247-49A3-AA0A-738005F8D493}.Debug|x86.Build.0 = Debug|Any CPU
		{02A1D677-A247-49A3-AA0A-738005F8D493}.Release|Any CPU.ActiveCfg = Release|Any CPU
		{02A1D677-A247-49A3-AA0A-738005F8D493}.Release|Any CPU.Build.0 = Release|Any CPU
		{02A1D677-A247-49A3-AA0A-738005F8D493}.Release|ARM.ActiveCfg = Release|Any CPU
		{02A1D677-A247-49A3-AA0A-738005F8D493}.Release|ARM.Build.0 = Release|Any CPU
		{02A1D677-A247-49A3-AA0A-738005F8D493}.Release|ARM64.ActiveCfg = Release|Any CPU
		{02A1D677-A247-49A3-AA0A-738005F8D493}.Release|ARM64.Build.0 = Release|Any CPU
		{02A1D677-A247-49A3-AA0A-738005F8D493}.Release|x64.ActiveCfg = Release|Any CPU
		{02A1D677-A247-49A3-AA0A-738005F8D493}.Release|x64.Build.0 = Release|Any CPU
		{02A1D677-A247-49A3-AA0A-738005F8D493}.Release|x86.ActiveCfg = Release|Any CPU
		{02A1D677-A247-49A3-AA0A-738005F8D493}.Release|x86.Build.0 = Release|Any CPU
		{0DC79BAE-24A9-46EB-B55E-6A0276BBBCA6}.Debug|Any CPU.ActiveCfg = Debug|Any CPU
		{0DC79BAE-24A9-46EB-B55E-6A0276BBBCA6}.Debug|Any CPU.Build.0 = Debug|Any CPU
		{0DC79BAE-24A9-46EB-B55E-6A0276BBBCA6}.Debug|ARM.ActiveCfg = Debug|Any CPU
		{0DC79BAE-24A9-46EB-B55E-6A0276BBBCA6}.Debug|ARM.Build.0 = Debug|Any CPU
		{0DC79BAE-24A9-46EB-B55E-6A0276BBBCA6}.Debug|ARM64.ActiveCfg = Debug|Any CPU
		{0DC79BAE-24A9-46EB-B55E-6A0276BBBCA6}.Debug|ARM64.Build.0 = Debug|Any CPU
		{0DC79BAE-24A9-46EB-B55E-6A0276BBBCA6}.Debug|x64.ActiveCfg = Debug|Any CPU
		{0DC79BAE-24A9-46EB-B55E-6A0276BBBCA6}.Debug|x64.Build.0 = Debug|Any CPU
		{0DC79BAE-24A9-46EB-B55E-6A0276BBBCA6}.Debug|x86.ActiveCfg = Debug|Any CPU
		{0DC79BAE-24A9-46EB-B55E-6A0276BBBCA6}.Debug|x86.Build.0 = Debug|Any CPU
		{0DC79BAE-24A9-46EB-B55E-6A0276BBBCA6}.Release|Any CPU.ActiveCfg = Release|Any CPU
		{0DC79BAE-24A9-46EB-B55E-6A0276BBBCA6}.Release|Any CPU.Build.0 = Release|Any CPU
		{0DC79BAE-24A9-46EB-B55E-6A0276BBBCA6}.Release|ARM.ActiveCfg = Release|Any CPU
		{0DC79BAE-24A9-46EB-B55E-6A0276BBBCA6}.Release|ARM.Build.0 = Release|Any CPU
		{0DC79BAE-24A9-46EB-B55E-6A0276BBBCA6}.Release|ARM64.ActiveCfg = Release|Any CPU
		{0DC79BAE-24A9-46EB-B55E-6A0276BBBCA6}.Release|ARM64.Build.0 = Release|Any CPU
		{0DC79BAE-24A9-46EB-B55E-6A0276BBBCA6}.Release|x64.ActiveCfg = Release|Any CPU
		{0DC79BAE-24A9-46EB-B55E-6A0276BBBCA6}.Release|x64.Build.0 = Release|Any CPU
		{0DC79BAE-24A9-46EB-B55E-6A0276BBBCA6}.Release|x86.ActiveCfg = Release|Any CPU
		{0DC79BAE-24A9-46EB-B55E-6A0276BBBCA6}.Release|x86.Build.0 = Release|Any CPU
		{6A3AF024-49B2-43C2-A20D-902B90FB48A1}.Debug|Any CPU.ActiveCfg = Debug|Any CPU
		{6A3AF024-49B2-43C2-A20D-902B90FB48A1}.Debug|Any CPU.Build.0 = Debug|Any CPU
		{6A3AF024-49B2-43C2-A20D-902B90FB48A1}.Debug|ARM.ActiveCfg = Debug|Any CPU
		{6A3AF024-49B2-43C2-A20D-902B90FB48A1}.Debug|ARM.Build.0 = Debug|Any CPU
		{6A3AF024-49B2-43C2-A20D-902B90FB48A1}.Debug|ARM64.ActiveCfg = Debug|Any CPU
		{6A3AF024-49B2-43C2-A20D-902B90FB48A1}.Debug|ARM64.Build.0 = Debug|Any CPU
		{6A3AF024-49B2-43C2-A20D-902B90FB48A1}.Debug|x64.ActiveCfg = Debug|Any CPU
		{6A3AF024-49B2-43C2-A20D-902B90FB48A1}.Debug|x64.Build.0 = Debug|Any CPU
		{6A3AF024-49B2-43C2-A20D-902B90FB48A1}.Debug|x86.ActiveCfg = Debug|Any CPU
		{6A3AF024-49B2-43C2-A20D-902B90FB48A1}.Debug|x86.Build.0 = Debug|Any CPU
		{6A3AF024-49B2-43C2-A20D-902B90FB48A1}.Release|Any CPU.ActiveCfg = Release|Any CPU
		{6A3AF024-49B2-43C2-A20D-902B90FB48A1}.Release|Any CPU.Build.0 = Release|Any CPU
		{6A3AF024-49B2-43C2-A20D-902B90FB48A1}.Release|ARM.ActiveCfg = Release|Any CPU
		{6A3AF024-49B2-43C2-A20D-902B90FB48A1}.Release|ARM.Build.0 = Release|Any CPU
		{6A3AF024-49B2-43C2-A20D-902B90FB48A1}.Release|ARM64.ActiveCfg = Release|Any CPU
		{6A3AF024-49B2-43C2-A20D-902B90FB48A1}.Release|ARM64.Build.0 = Release|Any CPU
		{6A3AF024-49B2-43C2-A20D-902B90FB48A1}.Release|x64.ActiveCfg = Release|Any CPU
		{6A3AF024-49B2-43C2-A20D-902B90FB48A1}.Release|x64.Build.0 = Release|Any CPU
		{6A3AF024-49B2-43C2-A20D-902B90FB48A1}.Release|x86.ActiveCfg = Release|Any CPU
		{6A3AF024-49B2-43C2-A20D-902B90FB48A1}.Release|x86.Build.0 = Release|Any CPU
		{D9DF2A47-A0DA-4D10-BB0C-B0167F12162E}.Debug|Any CPU.ActiveCfg = Debug|Any CPU
		{D9DF2A47-A0DA-4D10-BB0C-B0167F12162E}.Debug|Any CPU.Build.0 = Debug|Any CPU
		{D9DF2A47-A0DA-4D10-BB0C-B0167F12162E}.Debug|ARM.ActiveCfg = Debug|Any CPU
		{D9DF2A47-A0DA-4D10-BB0C-B0167F12162E}.Debug|ARM.Build.0 = Debug|Any CPU
		{D9DF2A47-A0DA-4D10-BB0C-B0167F12162E}.Debug|ARM64.ActiveCfg = Debug|Any CPU
		{D9DF2A47-A0DA-4D10-BB0C-B0167F12162E}.Debug|ARM64.Build.0 = Debug|Any CPU
		{D9DF2A47-A0DA-4D10-BB0C-B0167F12162E}.Debug|x64.ActiveCfg = Debug|Any CPU
		{D9DF2A47-A0DA-4D10-BB0C-B0167F12162E}.Debug|x64.Build.0 = Debug|Any CPU
		{D9DF2A47-A0DA-4D10-BB0C-B0167F12162E}.Debug|x86.ActiveCfg = Debug|Any CPU
		{D9DF2A47-A0DA-4D10-BB0C-B0167F12162E}.Debug|x86.Build.0 = Debug|Any CPU
		{D9DF2A47-A0DA-4D10-BB0C-B0167F12162E}.Release|Any CPU.ActiveCfg = Release|Any CPU
		{D9DF2A47-A0DA-4D10-BB0C-B0167F12162E}.Release|Any CPU.Build.0 = Release|Any CPU
		{D9DF2A47-A0DA-4D10-BB0C-B0167F12162E}.Release|ARM.ActiveCfg = Release|Any CPU
		{D9DF2A47-A0DA-4D10-BB0C-B0167F12162E}.Release|ARM.Build.0 = Release|Any CPU
		{D9DF2A47-A0DA-4D10-BB0C-B0167F12162E}.Release|ARM64.ActiveCfg = Release|Any CPU
		{D9DF2A47-A0DA-4D10-BB0C-B0167F12162E}.Release|ARM64.Build.0 = Release|Any CPU
		{D9DF2A47-A0DA-4D10-BB0C-B0167F12162E}.Release|x64.ActiveCfg = Release|Any CPU
		{D9DF2A47-A0DA-4D10-BB0C-B0167F12162E}.Release|x64.Build.0 = Release|Any CPU
		{D9DF2A47-A0DA-4D10-BB0C-B0167F12162E}.Release|x86.ActiveCfg = Release|Any CPU
		{D9DF2A47-A0DA-4D10-BB0C-B0167F12162E}.Release|x86.Build.0 = Release|Any CPU
		{478A93CA-ECA4-4F69-A590-3C08BDCA3A71}.Debug|Any CPU.ActiveCfg = Debug|Any CPU
		{478A93CA-ECA4-4F69-A590-3C08BDCA3A71}.Debug|Any CPU.Build.0 = Debug|Any CPU
		{478A93CA-ECA4-4F69-A590-3C08BDCA3A71}.Debug|ARM.ActiveCfg = Debug|Any CPU
		{478A93CA-ECA4-4F69-A590-3C08BDCA3A71}.Debug|ARM.Build.0 = Debug|Any CPU
		{478A93CA-ECA4-4F69-A590-3C08BDCA3A71}.Debug|ARM64.ActiveCfg = Debug|Any CPU
		{478A93CA-ECA4-4F69-A590-3C08BDCA3A71}.Debug|ARM64.Build.0 = Debug|Any CPU
		{478A93CA-ECA4-4F69-A590-3C08BDCA3A71}.Debug|x64.ActiveCfg = Debug|Any CPU
		{478A93CA-ECA4-4F69-A590-3C08BDCA3A71}.Debug|x64.Build.0 = Debug|Any CPU
		{478A93CA-ECA4-4F69-A590-3C08BDCA3A71}.Debug|x86.ActiveCfg = Debug|Any CPU
		{478A93CA-ECA4-4F69-A590-3C08BDCA3A71}.Debug|x86.Build.0 = Debug|Any CPU
		{478A93CA-ECA4-4F69-A590-3C08BDCA3A71}.Release|Any CPU.ActiveCfg = Release|Any CPU
		{478A93CA-ECA4-4F69-A590-3C08BDCA3A71}.Release|Any CPU.Build.0 = Release|Any CPU
		{478A93CA-ECA4-4F69-A590-3C08BDCA3A71}.Release|ARM.ActiveCfg = Release|Any CPU
		{478A93CA-ECA4-4F69-A590-3C08BDCA3A71}.Release|ARM.Build.0 = Release|Any CPU
		{478A93CA-ECA4-4F69-A590-3C08BDCA3A71}.Release|ARM64.ActiveCfg = Release|Any CPU
		{478A93CA-ECA4-4F69-A590-3C08BDCA3A71}.Release|ARM64.Build.0 = Release|Any CPU
		{478A93CA-ECA4-4F69-A590-3C08BDCA3A71}.Release|x64.ActiveCfg = Release|Any CPU
		{478A93CA-ECA4-4F69-A590-3C08BDCA3A71}.Release|x64.Build.0 = Release|Any CPU
		{478A93CA-ECA4-4F69-A590-3C08BDCA3A71}.Release|x86.ActiveCfg = Release|Any CPU
		{478A93CA-ECA4-4F69-A590-3C08BDCA3A71}.Release|x86.Build.0 = Release|Any CPU
		{ADECA48D-2D9A-47A8-98E9-DCFBBD15FDCA}.Debug|Any CPU.ActiveCfg = Debug|Any CPU
		{ADECA48D-2D9A-47A8-98E9-DCFBBD15FDCA}.Debug|Any CPU.Build.0 = Debug|Any CPU
		{ADECA48D-2D9A-47A8-98E9-DCFBBD15FDCA}.Debug|ARM.ActiveCfg = Debug|Any CPU
		{ADECA48D-2D9A-47A8-98E9-DCFBBD15FDCA}.Debug|ARM.Build.0 = Debug|Any CPU
		{ADECA48D-2D9A-47A8-98E9-DCFBBD15FDCA}.Debug|ARM64.ActiveCfg = Debug|Any CPU
		{ADECA48D-2D9A-47A8-98E9-DCFBBD15FDCA}.Debug|ARM64.Build.0 = Debug|Any CPU
		{ADECA48D-2D9A-47A8-98E9-DCFBBD15FDCA}.Debug|x64.ActiveCfg = Debug|Any CPU
		{ADECA48D-2D9A-47A8-98E9-DCFBBD15FDCA}.Debug|x64.Build.0 = Debug|Any CPU
		{ADECA48D-2D9A-47A8-98E9-DCFBBD15FDCA}.Debug|x86.ActiveCfg = Debug|Any CPU
		{ADECA48D-2D9A-47A8-98E9-DCFBBD15FDCA}.Debug|x86.Build.0 = Debug|Any CPU
		{ADECA48D-2D9A-47A8-98E9-DCFBBD15FDCA}.Release|Any CPU.ActiveCfg = Release|Any CPU
		{ADECA48D-2D9A-47A8-98E9-DCFBBD15FDCA}.Release|Any CPU.Build.0 = Release|Any CPU
		{ADECA48D-2D9A-47A8-98E9-DCFBBD15FDCA}.Release|ARM.ActiveCfg = Release|Any CPU
		{ADECA48D-2D9A-47A8-98E9-DCFBBD15FDCA}.Release|ARM.Build.0 = Release|Any CPU
		{ADECA48D-2D9A-47A8-98E9-DCFBBD15FDCA}.Release|ARM64.ActiveCfg = Release|Any CPU
		{ADECA48D-2D9A-47A8-98E9-DCFBBD15FDCA}.Release|ARM64.Build.0 = Release|Any CPU
		{ADECA48D-2D9A-47A8-98E9-DCFBBD15FDCA}.Release|x64.ActiveCfg = Release|Any CPU
		{ADECA48D-2D9A-47A8-98E9-DCFBBD15FDCA}.Release|x64.Build.0 = Release|Any CPU
		{ADECA48D-2D9A-47A8-98E9-DCFBBD15FDCA}.Release|x86.ActiveCfg = Release|Any CPU
		{ADECA48D-2D9A-47A8-98E9-DCFBBD15FDCA}.Release|x86.Build.0 = Release|Any CPU
		{E8A64FC4-8672-42CB-9D7E-681A0B24AE88}.Debug|Any CPU.ActiveCfg = Debug|Any CPU
		{E8A64FC4-8672-42CB-9D7E-681A0B24AE88}.Debug|Any CPU.Build.0 = Debug|Any CPU
		{E8A64FC4-8672-42CB-9D7E-681A0B24AE88}.Debug|ARM.ActiveCfg = Debug|Any CPU
		{E8A64FC4-8672-42CB-9D7E-681A0B24AE88}.Debug|ARM.Build.0 = Debug|Any CPU
		{E8A64FC4-8672-42CB-9D7E-681A0B24AE88}.Debug|ARM64.ActiveCfg = Debug|Any CPU
		{E8A64FC4-8672-42CB-9D7E-681A0B24AE88}.Debug|ARM64.Build.0 = Debug|Any CPU
		{E8A64FC4-8672-42CB-9D7E-681A0B24AE88}.Debug|x64.ActiveCfg = Debug|Any CPU
		{E8A64FC4-8672-42CB-9D7E-681A0B24AE88}.Debug|x64.Build.0 = Debug|Any CPU
		{E8A64FC4-8672-42CB-9D7E-681A0B24AE88}.Debug|x86.ActiveCfg = Debug|Any CPU
		{E8A64FC4-8672-42CB-9D7E-681A0B24AE88}.Debug|x86.Build.0 = Debug|Any CPU
		{E8A64FC4-8672-42CB-9D7E-681A0B24AE88}.Release|Any CPU.ActiveCfg = Release|Any CPU
		{E8A64FC4-8672-42CB-9D7E-681A0B24AE88}.Release|Any CPU.Build.0 = Release|Any CPU
		{E8A64FC4-8672-42CB-9D7E-681A0B24AE88}.Release|ARM.ActiveCfg = Release|Any CPU
		{E8A64FC4-8672-42CB-9D7E-681A0B24AE88}.Release|ARM.Build.0 = Release|Any CPU
		{E8A64FC4-8672-42CB-9D7E-681A0B24AE88}.Release|ARM64.ActiveCfg = Release|Any CPU
		{E8A64FC4-8672-42CB-9D7E-681A0B24AE88}.Release|ARM64.Build.0 = Release|Any CPU
		{E8A64FC4-8672-42CB-9D7E-681A0B24AE88}.Release|x64.ActiveCfg = Release|Any CPU
		{E8A64FC4-8672-42CB-9D7E-681A0B24AE88}.Release|x64.Build.0 = Release|Any CPU
		{E8A64FC4-8672-42CB-9D7E-681A0B24AE88}.Release|x86.ActiveCfg = Release|Any CPU
		{E8A64FC4-8672-42CB-9D7E-681A0B24AE88}.Release|x86.Build.0 = Release|Any CPU
	EndGlobalSection
	GlobalSection(SolutionProperties) = preSolution
		HideSolutionNode = FALSE
	EndGlobalSection
	GlobalSection(NestedProjects) = preSolution
		{0DC79BAE-24A9-46EB-B55E-6A0276BBBCA6} = {D1D23961-CA07-43D4-8915-981CF4C601EA}
		{6A3AF024-49B2-43C2-A20D-902B90FB48A1} = {D1D23961-CA07-43D4-8915-981CF4C601EA}
		{D9DF2A47-A0DA-4D10-BB0C-B0167F12162E} = {64C61B55-AEC6-410A-84CD-E7F0EBF9E552}
		{478A93CA-ECA4-4F69-A590-3C08BDCA3A71} = {64C61B55-AEC6-410A-84CD-E7F0EBF9E552}
		{ADECA48D-2D9A-47A8-98E9-DCFBBD15FDCA} = {64C61B55-AEC6-410A-84CD-E7F0EBF9E552}
		{E8A64FC4-8672-42CB-9D7E-681A0B24AE88} = {64C61B55-AEC6-410A-84CD-E7F0EBF9E552}
	EndGlobalSection
	GlobalSection(ExtensibilityGlobals) = postSolution
		SolutionGuid = {7D255A55-95AA-479E-B201-A5148344E6D0}
	EndGlobalSection
EndGlobal
