
Microsoft Visual Studio Solution File, Format Version 12.00
# Visual Studio Version 17
VisualStudioVersion = 17.0.31521.260
MinimumVisualStudioVersion = 10.0.40219.1
Project("{9A19103F-16F7-4668-BE54-9A1E7A4F7556}") = "ZoDream.Spider", "ZoDream.Spider\ZoDream.Spider.csproj", "{D57AB652-C3A4-40A7-9B84-C966C67ED9D2}"
EndProject
Project("{9A19103F-16F7-4668-BE54-9A1E7A4F7556}") = "ZoDream.Shared", "ZoDream.Shared\ZoDream.Shared.csproj", "{78798552-6DC4-4CB0-B231-7817893E57F2}"
EndProject
Project("{9A19103F-16F7-4668-BE54-9A1E7A4F7556}") = "ZoDream.Tests", "ZoDream.Tests\ZoDream.Tests.csproj", "{02A1D677-A247-49A3-AA0A-738005F8D493}"
EndProject
Project("{2150E333-8FDC-42A3-9474-1A3956D46DE8}") = "Plugins", "Plugins", "{D1D23961-CA07-43D4-8915-981CF4C601EA}"
EndProject
Project("{9A19103F-16F7-4668-BE54-9A1E7A4F7556}") = "MatchRule", "Plugins\MatchRule\MatchRule.csproj", "{8D1FD712-A243-424B-B9E8-7C416606BDDC}"
EndProject
Project("{FAE04EC0-301F-11D3-BF4B-00C04F79EFBC}") = "ImportSearchRule", "Plugins\ImportSearchRule\ImportSearchRule.csproj", "{0DC79BAE-24A9-46EB-B55E-6A0276BBBCA6}"
EndProject
Global
	GlobalSection(SolutionConfigurationPlatforms) = preSolution
		Debug|Any CPU = Debug|Any CPU
		Debug|ARM = Debug|ARM
		Debug|ARM64 = Debug|ARM64
		Debug|x64 = Debug|x64
		Debug|x86 = Debug|x86
		Release|Any CPU = Release|Any CPU
		Release|ARM = Release|ARM
		Release|ARM64 = Release|ARM64
		Release|x64 = Release|x64
		Release|x86 = Release|x86
	EndGlobalSection
	GlobalSection(ProjectConfigurationPlatforms) = postSolution
		{D57AB652-C3A4-40A7-9B84-C966C67ED9D2}.Debug|Any CPU.ActiveCfg = Debug|Any CPU
		{D57AB652-C3A4-40A7-9B84-C966C67ED9D2}.Debug|Any CPU.Build.0 = Debug|Any CPU
		{D57AB652-C3A4-40A7-9B84-C966C67ED9D2}.Debug|ARM.ActiveCfg = Debug|Any CPU
		{D57AB652-C3A4-40A7-9B84-C966C67ED9D2}.Debug|ARM.Build.0 = Debug|Any CPU
		{D57AB652-C3A4-40A7-9B84-C966C67ED9D2}.Debug|ARM64.ActiveCfg = Debug|Any CPU
		{D57AB652-C3A4-40A7-9B84-C966C67ED9D2}.Debug|ARM64.Build.0 = Debug|Any CPU
		{D57AB652-C3A4-40A7-9B84-C966C67ED9D2}.Debug|x64.ActiveCfg = Debug|Any CPU
		{D57AB652-C3A4-40A7-9B84-C966C67ED9D2}.Debug|x64.Build.0 = Debug|Any CPU
		{D57AB652-C3A4-40A7-9B84-C966C67ED9D2}.Debug|x86.ActiveCfg = Debug|Any CPU
		{D57AB652-C3A4-40A7-9B84-C966C67ED9D2}.Debug|x86.Build.0 = Debug|Any CPU
		{D57AB652-C3A4-40A7-9B84-C966C67ED9D2}.Release|Any CPU.ActiveCfg = Release|Any CPU
		{D57AB652-C3A4-40A7-9B84-C966C67ED9D2}.Release|Any CPU.Build.0 = Release|Any CPU
		{D57AB652-C3A4-40A7-9B84-C966C67ED9D2}.Release|ARM.ActiveCfg = Release|Any CPU
		{D57AB652-C3A4-40A7-9B84-C966C67ED9D2}.Release|ARM.Build.0 = Release|Any CPU
		{D57AB652-C3A4-40A7-9B84-C966C67ED9D2}.Release|ARM64.ActiveCfg = Release|Any CPU
		{D57AB652-C3A4-40A7-9B84-C966C67ED9D2}.Release|ARM64.Build.0 = Release|Any CPU
		{D57AB652-C3A4-40A7-9B84-C966C67ED9D2}.Release|x64.ActiveCfg = Release|Any CPU
		{D57AB652-C3A4-40A7-9B84-C966C67ED9D2}.Release|x64.Build.0 = Release|Any CPU
		{D57AB652-C3A4-40A7-9B84-C966C67ED9D2}.Release|x86.ActiveCfg = Release|Any CPU
		{D57AB652-C3A4-40A7-9B84-C966C67ED9D2}.Release|x86.Build.0 = Release|Any CPU
		{78798552-6DC4-4CB0-B231-7817893E57F2}.Debug|Any CPU.ActiveCfg = Debug|Any CPU
		{78798552-6DC4-4CB0-B231-7817893E57F2}.Debug|Any CPU.Build.0 = Debug|Any CPU
		{78798552-6DC4-4CB0-B231-7817893E57F2}.Debug|ARM.ActiveCfg = Debug|Any CPU
		{78798552-6DC4-4CB0-B231-7817893E57F2}.Debug|ARM.Build.0 = Debug|Any CPU
		{78798552-6DC4-4CB0-B231-7817893E57F2}.Debug|ARM64.ActiveCfg = Debug|Any CPU
		{78798552-6DC4-4CB0-B231-7817893E57F2}.Debug|ARM64.Build.0 = Debug|Any CPU
		{78798552-6DC4-4CB0-B231-7817893E57F2}.Debug|x64.ActiveCfg = Debug|Any CPU
		{78798552-6DC4-4CB0-B231-7817893E57F2}.Debug|x64.Build.0 = Debug|Any CPU
		{78798552-6DC4-4CB0-B231-7817893E57F2}.Debug|x86.ActiveCfg = Debug|Any CPU
		{78798552-6DC4-4CB0-B231-7817893E57F2}.Debug|x86.Build.0 = Debug|Any CPU
		{78798552-6DC4-4CB0-B231-7817893E57F2}.Release|Any CPU.ActiveCfg = Release|Any CPU
		{78798552-6DC4-4CB0-B231-7817893E57F2}.Release|Any CPU.Build.0 = Release|Any CPU
		{78798552-6DC4-4CB0-B231-7817893E57F2}.Release|ARM.ActiveCfg = Release|Any CPU
		{78798552-6DC4-4CB0-B231-7817893E57F2}.Release|ARM.Build.0 = Release|Any CPU
		{78798552-6DC4-4CB0-B231-7817893E57F2}.Release|ARM64.ActiveCfg = Release|Any CPU
		{78798552-6DC4-4CB0-B231-7817893E57F2}.Release|ARM64.Build.0 = Release|Any CPU
		{78798552-6DC4-4CB0-B231-7817893E57F2}.Release|x64.ActiveCfg = Release|Any CPU
		{78798552-6DC4-4CB0-B231-7817893E57F2}.Release|x64.Build.0 = Release|Any CPU
		{78798552-6DC4-4CB0-B231-7817893E57F2}.Release|x86.ActiveCfg = Release|Any CPU
		{78798552-6DC4-4CB0-B231-7817893E57F2}.Release|x86.Build.0 = Release|Any CPU
		{02A1D677-A247-49A3-AA0A-738005F8D493}.Debug|Any CPU.ActiveCfg = Debug|Any CPU
		{02A1D677-A247-49A3-AA0A-738005F8D493}.Debug|Any CPU.Build.0 = Debug|Any CPU
		{02A1D677-A247-49A3-AA0A-738005F8D493}.Debug|ARM.ActiveCfg = Debug|Any CPU
		{02A1D677-A247-49A3-AA0A-738005F8D493}.Debug|ARM.Build.0 = Debug|Any CPU
		{02A1D677-A247-49A3-AA0A-738005F8D493}.Debug|ARM64.ActiveCfg = Debug|Any CPU
		{02A1D677-A247-49A3-AA0A-738005F8D493}.Debug|ARM64.Build.0 = Debug|Any CPU
		{02A1D677-A247-49A3-AA0A-738005F8D493}.Debug|x64.ActiveCfg = Debug|Any CPU
		{02A1D677-A247-49A3-AA0A-738005F8D493}.Debug|x64.Build.0 = Debug|Any CPU
		{02A1D677-A247-49A3-AA0A-738005F8D493}.Debug|x86.ActiveCfg = Debug|Any CPU
		{02A1D677-A247-49A3-AA0A-738005F8D493}.Debug|x86.Build.0 = Debug|Any CPU
		{02A1D677-A247-49A3-AA0A-738005F8D493}.Release|Any CPU.ActiveCfg = Release|Any CPU
		{02A1D677-A247-49A3-AA0A-738005F8D493}.Release|Any CPU.Build.0 = Release|Any CPU
		{02A1D677-A247-49A3-AA0A-738005F8D493}.Release|ARM.ActiveCfg = Release|Any CPU
		{02A1D677-A247-49A3-AA0A-738005F8D493}.Release|ARM.Build.0 = Release|Any CPU
		{02A1D677-A247-49A3-AA0A-738005F8D493}.Release|ARM64.ActiveCfg = Release|Any CPU
		{02A1D677-A247-49A3-AA0A-738005F8D493}.Release|ARM64.Build.0 = Release|Any CPU
		{02A1D677-A247-49A3-AA0A-738005F8D493}.Release|x64.ActiveCfg = Release|Any CPU
		{02A1D677-A247-49A3-AA0A-738005F8D493}.Release|x64.Build.0 = Release|Any CPU
		{02A1D677-A247-49A3-AA0A-738005F8D493}.Release|x86.ActiveCfg = Release|Any CPU
		{02A1D677-A247-49A3-AA0A-738005F8D493}.Release|x86.Build.0 = Release|Any CPU
		{8D1FD712-A243-424B-B9E8-7C416606BDDC}.Debug|Any CPU.ActiveCfg = Debug|Any CPU
		{8D1FD712-A243-424B-B9E8-7C416606BDDC}.Debug|Any CPU.Build.0 = Debug|Any CPU
		{8D1FD712-A243-424B-B9E8-7C416606BDDC}.Debug|ARM.ActiveCfg = Debug|Any CPU
		{8D1FD712-A243-424B-B9E8-7C416606BDDC}.Debug|ARM.Build.0 = Debug|Any CPU
		{8D1FD712-A243-424B-B9E8-7C416606BDDC}.Debug|ARM64.ActiveCfg = Debug|Any CPU
		{8D1FD712-A243-424B-B9E8-7C416606BDDC}.Debug|ARM64.Build.0 = Debug|Any CPU
		{8D1FD712-A243-424B-B9E8-7C416606BDDC}.Debug|x64.ActiveCfg = Debug|Any CPU
		{8D1FD712-A243-424B-B9E8-7C416606BDDC}.Debug|x64.Build.0 = Debug|Any CPU
		{8D1FD712-A243-424B-B9E8-7C416606BDDC}.Debug|x86.ActiveCfg = Debug|Any CPU
		{8D1FD712-A243-424B-B9E8-7C416606BDDC}.Debug|x86.Build.0 = Debug|Any CPU
		{8D1FD712-A243-424B-B9E8-7C416606BDDC}.Release|Any CPU.ActiveCfg = Release|Any CPU
		{8D1FD712-A243-424B-B9E8-7C416606BDDC}.Release|Any CPU.Build.0 = Release|Any CPU
		{8D1FD712-A243-424B-B9E8-7C416606BDDC}.Release|ARM.ActiveCfg = Release|Any CPU
		{8D1FD712-A243-424B-B9E8-7C416606BDDC}.Release|ARM.Build.0 = Release|Any CPU
		{8D1FD712-A243-424B-B9E8-7C416606BDDC}.Release|ARM64.ActiveCfg = Release|Any CPU
		{8D1FD712-A243-424B-B9E8-7C416606BDDC}.Release|ARM64.Build.0 = Release|Any CPU
		{8D1FD712-A243-424B-B9E8-7C416606BDDC}.Release|x64.ActiveCfg = Release|Any CPU
		{8D1FD712-A243-424B-B9E8-7C416606BDDC}.Release|x64.Build.0 = Release|Any CPU
		{8D1FD712-A243-424B-B9E8-7C416606BDDC}.Release|x86.ActiveCfg = Release|Any CPU
		{8D1FD712-A243-424B-B9E8-7C416606BDDC}.Release|x86.Build.0 = Release|Any CPU
		{0DC79BAE-24A9-46EB-B55E-6A0276BBBCA6}.Debug|Any CPU.ActiveCfg = Debug|Any CPU
		{0DC79BAE-24A9-46EB-B55E-6A0276BBBCA6}.Debug|Any CPU.Build.0 = Debug|Any CPU
		{0DC79BAE-24A9-46EB-B55E-6A0276BBBCA6}.Debug|ARM.ActiveCfg = Debug|Any CPU
		{0DC79BAE-24A9-46EB-B55E-6A0276BBBCA6}.Debug|ARM.Build.0 = Debug|Any CPU
		{0DC79BAE-24A9-46EB-B55E-6A0276BBBCA6}.Debug|ARM64.ActiveCfg = Debug|Any CPU
		{0DC79BAE-24A9-46EB-B55E-6A0276BBBCA6}.Debug|ARM64.Build.0 = Debug|Any CPU
		{0DC79BAE-24A9-46EB-B55E-6A0276BBBCA6}.Debug|x64.ActiveCfg = Debug|Any CPU
		{0DC79BAE-24A9-46EB-B55E-6A0276BBBCA6}.Debug|x64.Build.0 = Debug|Any CPU
		{0DC79BAE-24A9-46EB-B55E-6A0276BBBCA6}.Debug|x86.ActiveCfg = Debug|Any CPU
		{0DC79BAE-24A9-46EB-B55E-6A0276BBBCA6}.Debug|x86.Build.0 = Debug|Any CPU
		{0DC79BAE-24A9-46EB-B55E-6A0276BBBCA6}.Release|Any CPU.ActiveCfg = Release|Any CPU
		{0DC79BAE-24A9-46EB-B55E-6A0276BBBCA6}.Release|Any CPU.Build.0 = Release|Any CPU
		{0DC79BAE-24A9-46EB-B55E-6A0276BBBCA6}.Release|ARM.ActiveCfg = Release|Any CPU
		{0DC79BAE-24A9-46EB-B55E-6A0276BBBCA6}.Release|ARM.Build.0 = Release|Any CPU
		{0DC79BAE-24A9-46EB-B55E-6A0276BBBCA6}.Release|ARM64.ActiveCfg = Release|Any CPU
		{0DC79BAE-24A9-46EB-B55E-6A0276BBBCA6}.Release|ARM64.Build.0 = Release|Any CPU
		{0DC79BAE-24A9-46EB-B55E-6A0276BBBCA6}.Release|x64.ActiveCfg = Release|Any CPU
		{0DC79BAE-24A9-46EB-B55E-6A0276BBBCA6}.Release|x64.Build.0 = Release|Any CPU
		{0DC79BAE-24A9-46EB-B55E-6A0276BBBCA6}.Release|x86.ActiveCfg = Release|Any CPU
		{0DC79BAE-24A9-46EB-B55E-6A0276BBBCA6}.Release|x86.Build.0 = Release|Any CPU
	EndGlobalSection
	GlobalSection(SolutionProperties) = preSolution
		HideSolutionNode = FALSE
	EndGlobalSection
	GlobalSection(NestedProjects) = preSolution
		{8D1FD712-A243-424B-B9E8-7C416606BDDC} = {D1D23961-CA07-43D4-8915-981CF4C601EA}
		{0DC79BAE-24A9-46EB-B55E-6A0276BBBCA6} = {D1D23961-CA07-43D4-8915-981CF4C601EA}
	EndGlobalSection
	GlobalSection(ExtensibilityGlobals) = postSolution
		SolutionGuid = {7D255A55-95AA-479E-B201-A5148344E6D0}
	EndGlobalSection
EndGlobal
